
Microsoft Visual Studio Solution File, Format Version 12.00
# Visual Studio 14
VisualStudioVersion = 14.0.25420.1
MinimumVisualStudioVersion = 10.0.40219.1
Project("{FAE04EC0-301F-11D3-BF4B-00C04F79EFBC}") = "Timeline.UI.Web", "Timeline.UI.Web\Timeline.UI.Web.csproj", "{692EC89C-B7B9-4ACF-8F65-93B44DDF3B0B}"
EndProject
Project("{FAE04EC0-301F-11D3-BF4B-00C04F79EFBC}") = "Timeline.UI", "Timeline.UI\Timeline.UI.csproj", "{78B816F8-A583-44FE-A353-919740D33011}"
EndProject
Project("{FAE04EC0-301F-11D3-BF4B-00C04F79EFBC}") = "Timeline.UI.Test", "Timeline.UI.Test\Timeline.UI.Test.csproj", "{67AA3594-240A-4EBF-B806-47A675760A3D}"
EndProject
Global
	GlobalSection(SolutionConfigurationPlatforms) = preSolution
		Debug|Any CPU = Debug|Any CPU
		Release|Any CPU = Release|Any CPU
	EndGlobalSection
	GlobalSection(ProjectConfigurationPlatforms) = postSolution
		{692EC89C-B7B9-4ACF-8F65-93B44DDF3B0B}.Debug|Any CPU.ActiveCfg = Debug|Any CPU
		{692EC89C-B7B9-4ACF-8F65-93B44DDF3B0B}.Debug|Any CPU.Build.0 = Debug|Any CPU
		{692EC89C-B7B9-4ACF-8F65-93B44DDF3B0B}.Release|Any CPU.ActiveCfg = Release|Any CPU
		{692EC89C-B7B9-4ACF-8F65-93B44DDF3B0B}.Release|Any CPU.Build.0 = Release|Any CPU
		{78B816F8-A583-44FE-A353-919740D33011}.Debug|Any CPU.ActiveCfg = Debug|Any CPU
		{78B816F8-A583-44FE-A353-919740D33011}.Debug|Any CPU.Build.0 = Debug|Any CPU
		{78B816F8-A583-44FE-A353-919740D33011}.Release|Any CPU.ActiveCfg = Release|Any CPU
		{78B816F8-A583-44FE-A353-919740D33011}.Release|Any CPU.Build.0 = Release|Any CPU
		{67AA3594-240A-4EBF-B806-47A675760A3D}.Debug|Any CPU.ActiveCfg = Debug|Any CPU
		{67AA3594-240A-4EBF-B806-47A675760A3D}.Debug|Any CPU.Build.0 = Debug|Any CPU
		{67AA3594-240A-4EBF-B806-47A675760A3D}.Release|Any CPU.ActiveCfg = Release|Any CPU
		{67AA3594-240A-4EBF-B806-47A675760A3D}.Release|Any CPU.Build.0 = Release|Any CPU
	EndGlobalSection
	GlobalSection(SolutionProperties) = preSolution
		HideSolutionNode = FALSE
	EndGlobalSection
EndGlobal
